
Microsoft Visual Studio Solution File, Format Version 12.00
# Visual Studio Version 17
VisualStudioVersion = 17.8.34511.84
MinimumVisualStudioVersion = 10.0.40219.1
Project("{9A19103F-16F7-4668-BE54-9A1E7A4F7556}") = "Test2_GetechnologiesMx", "Test2_GetechnologiesMx\Test2_GetechnologiesMx.csproj", "{1CAFD0DB-24F0-48A0-B706-117E34453537}"
EndProject
Project("{9A19103F-16F7-4668-BE54-9A1E7A4F7556}") = "test", "test\test.csproj", "{01653A99-53FF-47FF-A94F-F70BB9F494BB}"
EndProject
Project("{2150E333-8FDC-42A3-9474-1A3956D46DE8}") = "Elementos de la solución", "Elementos de la solución", "{379DFC75-1342-49AF-BCB3-4B656D64471B}"
	ProjectSection(SolutionItems) = preProject
		Readme.rm = Readme.rm
	EndProjectSection
EndProject
Global
	GlobalSection(SolutionConfigurationPlatforms) = preSolution
		Debug|Any CPU = Debug|Any CPU
		Release|Any CPU = Release|Any CPU
	EndGlobalSection
	GlobalSection(ProjectConfigurationPlatforms) = postSolution
		{1CAFD0DB-24F0-48A0-B706-117E34453537}.Debug|Any CPU.ActiveCfg = Debug|Any CPU
		{1CAFD0DB-24F0-48A0-B706-117E34453537}.Debug|Any CPU.Build.0 = Debug|Any CPU
		{1CAFD0DB-24F0-48A0-B706-117E34453537}.Release|Any CPU.ActiveCfg = Release|Any CPU
		{1CAFD0DB-24F0-48A0-B706-117E34453537}.Release|Any CPU.Build.0 = Release|Any CPU
		{01653A99-53FF-47FF-A94F-F70BB9F494BB}.Debug|Any CPU.ActiveCfg = Debug|Any CPU
		{01653A99-53FF-47FF-A94F-F70BB9F494BB}.Debug|Any CPU.Build.0 = Debug|Any CPU
		{01653A99-53FF-47FF-A94F-F70BB9F494BB}.Release|Any CPU.ActiveCfg = Release|Any CPU
		{01653A99-53FF-47FF-A94F-F70BB9F494BB}.Release|Any CPU.Build.0 = Release|Any CPU
	EndGlobalSection
	GlobalSection(SolutionProperties) = preSolution
		HideSolutionNode = FALSE
	EndGlobalSection
	GlobalSection(ExtensibilityGlobals) = postSolution
		SolutionGuid = {1E3D849F-C1A5-4BD9-B9D5-F98DF6D26905}
	EndGlobalSection
EndGlobal
